
Microsoft Visual Studio Solution File, Format Version 12.00
# Visual Studio Version 16
VisualStudioVersion = 16.0.31321.278
MinimumVisualStudioVersion = 10.0.40219.1
Project("{2150E333-8FDC-42A3-9474-1A3956D46DE8}") = "test", "test", "{0CE073CB-DD73-4741-A1D5-16BFB1EE19F3}"
EndProject
Project("{2150E333-8FDC-42A3-9474-1A3956D46DE8}") = "src", "src", "{19E1DCD7-C561-41DC-B92E-7022A7E91E8B}"
EndProject
Project("{8BC9CEB8-8B4A-11D0-8D11-00A0C91BC942}") = "7zc", "src\7zc\7zc.vcxproj", "{BAA11014-4BD3-4AD1-AE01-BA2BCB8C6D2A}"
EndProject
Project("{8BC9CEB8-8B4A-11D0-8D11-00A0C91BC942}") = "7zpp", "src\7zpp\7zpp.vcxproj", "{F628CAC2-C8D8-4CAC-9459-F5B168F52560}"
	ProjectSection(ProjectDependencies) = postProject
		{48208D59-48A4-4B5C-AB58-48FDE672C1E6} = {48208D59-48A4-4B5C-AB58-48FDE672C1E6}
	EndProjectSection
EndProject
Project("{8BC9CEB8-8B4A-11D0-8D11-00A0C91BC942}") = "7zra", "src\7zra\7zra.vcxproj", "{48208D59-48A4-4B5C-AB58-48FDE672C1E6}"
	ProjectSection(ProjectDependencies) = postProject
		{BAA11014-4BD3-4AD1-AE01-BA2BCB8C6D2A} = {BAA11014-4BD3-4AD1-AE01-BA2BCB8C6D2A}
	EndProjectSection
EndProject
Project("{8BC9CEB8-8B4A-11D0-8D11-00A0C91BC942}") = "7zpp_test", "test\7zpp_test\7zpp_test.vcxproj", "{0F570931-D8A5-4C13-80F2-E701DCB02354}"
	ProjectSection(ProjectDependencies) = postProject
		{F549D52E-6447-4D57-AB5B-CD3222838BB7} = {F549D52E-6447-4D57-AB5B-CD3222838BB7}
		{F628CAC2-C8D8-4CAC-9459-F5B168F52560} = {F628CAC2-C8D8-4CAC-9459-F5B168F52560}
	EndProjectSection
EndProject
Project("{2150E333-8FDC-42A3-9474-1A3956D46DE8}") = "static", "static", "{1FF6AE21-D3A9-4F82-8025-4B50EEE43F0C}"
EndProject
Project("{8BC9CEB8-8B4A-11D0-8D11-00A0C91BC942}") = "7zra_static", "src\7zra_static\7zra_static.vcxproj", "{571C6A6E-1155-489A-8453-F50DBC695463}"
	ProjectSection(ProjectDependencies) = postProject
		{BAA11014-4BD3-4AD1-AE01-BA2BCB8C6D2A} = {BAA11014-4BD3-4AD1-AE01-BA2BCB8C6D2A}
	EndProjectSection
EndProject
Project("{8BC9CEB8-8B4A-11D0-8D11-00A0C91BC942}") = "7zpp_with_7zra_static", "src\7zpp_with_7zra_static\7zpp_with_7zra_static.vcxproj", "{F549D52E-6447-4D57-AB5B-CD3222838BB7}"
	ProjectSection(ProjectDependencies) = postProject
		{571C6A6E-1155-489A-8453-F50DBC695463} = {571C6A6E-1155-489A-8453-F50DBC695463}
	EndProjectSection
EndProject
Global
	GlobalSection(SolutionConfigurationPlatforms) = preSolution
		Debug|x64 = Debug|x64
		Debug|x86 = Debug|x86
		Release|x64 = Release|x64
		Release|x86 = Release|x86
	EndGlobalSection
	GlobalSection(ProjectConfigurationPlatforms) = postSolution
		{BAA11014-4BD3-4AD1-AE01-BA2BCB8C6D2A}.Debug|x64.ActiveCfg = Debug|x64
		{BAA11014-4BD3-4AD1-AE01-BA2BCB8C6D2A}.Debug|x64.Build.0 = Debug|x64
		{BAA11014-4BD3-4AD1-AE01-BA2BCB8C6D2A}.Debug|x86.ActiveCfg = Debug|Win32
		{BAA11014-4BD3-4AD1-AE01-BA2BCB8C6D2A}.Debug|x86.Build.0 = Debug|Win32
		{BAA11014-4BD3-4AD1-AE01-BA2BCB8C6D2A}.Release|x64.ActiveCfg = Release|x64
		{BAA11014-4BD3-4AD1-AE01-BA2BCB8C6D2A}.Release|x64.Build.0 = Release|x64
		{BAA11014-4BD3-4AD1-AE01-BA2BCB8C6D2A}.Release|x86.ActiveCfg = Release|Win32
		{BAA11014-4BD3-4AD1-AE01-BA2BCB8C6D2A}.Release|x86.Build.0 = Release|Win32
		{F628CAC2-C8D8-4CAC-9459-F5B168F52560}.Debug|x64.ActiveCfg = Debug|x64
		{F628CAC2-C8D8-4CAC-9459-F5B168F52560}.Debug|x64.Build.0 = Debug|x64
		{F628CAC2-C8D8-4CAC-9459-F5B168F52560}.Debug|x86.ActiveCfg = Debug|Win32
		{F628CAC2-C8D8-4CAC-9459-F5B168F52560}.Debug|x86.Build.0 = Debug|Win32
		{F628CAC2-C8D8-4CAC-9459-F5B168F52560}.Release|x64.ActiveCfg = Release|x64
		{F628CAC2-C8D8-4CAC-9459-F5B168F52560}.Release|x64.Build.0 = Release|x64
		{F628CAC2-C8D8-4CAC-9459-F5B168F52560}.Release|x86.ActiveCfg = Release|Win32
		{F628CAC2-C8D8-4CAC-9459-F5B168F52560}.Release|x86.Build.0 = Release|Win32
		{48208D59-48A4-4B5C-AB58-48FDE672C1E6}.Debug|x64.ActiveCfg = Debug|x64
		{48208D59-48A4-4B5C-AB58-48FDE672C1E6}.Debug|x64.Build.0 = Debug|x64
		{48208D59-48A4-4B5C-AB58-48FDE672C1E6}.Debug|x86.ActiveCfg = Debug|Win32
		{48208D59-48A4-4B5C-AB58-48FDE672C1E6}.Debug|x86.Build.0 = Debug|Win32
		{48208D59-48A4-4B5C-AB58-48FDE672C1E6}.Release|x64.ActiveCfg = Release|x64
		{48208D59-48A4-4B5C-AB58-48FDE672C1E6}.Release|x64.Build.0 = Release|x64
		{48208D59-48A4-4B5C-AB58-48FDE672C1E6}.Release|x86.ActiveCfg = Release|Win32
		{48208D59-48A4-4B5C-AB58-48FDE672C1E6}.Release|x86.Build.0 = Release|Win32
		{0F570931-D8A5-4C13-80F2-E701DCB02354}.Debug|x64.ActiveCfg = Debug|x64
		{0F570931-D8A5-4C13-80F2-E701DCB02354}.Debug|x64.Build.0 = Debug|x64
		{0F570931-D8A5-4C13-80F2-E701DCB02354}.Debug|x86.ActiveCfg = Debug|Win32
		{0F570931-D8A5-4C13-80F2-E701DCB02354}.Debug|x86.Build.0 = Debug|Win32
		{0F570931-D8A5-4C13-80F2-E701DCB02354}.Release|x64.ActiveCfg = Release|x64
		{0F570931-D8A5-4C13-80F2-E701DCB02354}.Release|x64.Build.0 = Release|x64
		{0F570931-D8A5-4C13-80F2-E701DCB02354}.Release|x86.ActiveCfg = Release|Win32
		{0F570931-D8A5-4C13-80F2-E701DCB02354}.Release|x86.Build.0 = Release|Win32
		{571C6A6E-1155-489A-8453-F50DBC695463}.Debug|x64.ActiveCfg = Debug|x64
		{571C6A6E-1155-489A-8453-F50DBC695463}.Debug|x64.Build.0 = Debug|x64
		{571C6A6E-1155-489A-8453-F50DBC695463}.Debug|x86.ActiveCfg = Debug|Win32
		{571C6A6E-1155-489A-8453-F50DBC695463}.Debug|x86.Build.0 = Debug|Win32
		{571C6A6E-1155-489A-8453-F50DBC695463}.Release|x64.ActiveCfg = Release|x64
		{571C6A6E-1155-489A-8453-F50DBC695463}.Release|x64.Build.0 = Release|x64
		{571C6A6E-1155-489A-8453-F50DBC695463}.Release|x86.ActiveCfg = Release|Win32
		{571C6A6E-1155-489A-8453-F50DBC695463}.Release|x86.Build.0 = Release|Win32
		{F549D52E-6447-4D57-AB5B-CD3222838BB7}.Debug|x64.ActiveCfg = Debug|x64
		{F549D52E-6447-4D57-AB5B-CD3222838BB7}.Debug|x64.Build.0 = Debug|x64
		{F549D52E-6447-4D57-AB5B-CD3222838BB7}.Debug|x86.ActiveCfg = Debug|Win32
		{F549D52E-6447-4D57-AB5B-CD3222838BB7}.Debug|x86.Build.0 = Debug|Win32
		{F549D52E-6447-4D57-AB5B-CD3222838BB7}.Release|x64.ActiveCfg = Release|x64
		{F549D52E-6447-4D57-AB5B-CD3222838BB7}.Release|x64.Build.0 = Release|x64
		{F549D52E-6447-4D57-AB5B-CD3222838BB7}.Release|x86.ActiveCfg = Release|Win32
		{F549D52E-6447-4D57-AB5B-CD3222838BB7}.Release|x86.Build.0 = Release|Win32
	EndGlobalSection
	GlobalSection(SolutionProperties) = preSolution
		HideSolutionNode = FALSE
	EndGlobalSection
	GlobalSection(NestedProjects) = preSolution
		{BAA11014-4BD3-4AD1-AE01-BA2BCB8C6D2A} = {19E1DCD7-C561-41DC-B92E-7022A7E91E8B}
		{F628CAC2-C8D8-4CAC-9459-F5B168F52560} = {19E1DCD7-C561-41DC-B92E-7022A7E91E8B}
		{48208D59-48A4-4B5C-AB58-48FDE672C1E6} = {19E1DCD7-C561-41DC-B92E-7022A7E91E8B}
		{0F570931-D8A5-4C13-80F2-E701DCB02354} = {0CE073CB-DD73-4741-A1D5-16BFB1EE19F3}
		{1FF6AE21-D3A9-4F82-8025-4B50EEE43F0C} = {19E1DCD7-C561-41DC-B92E-7022A7E91E8B}
		{571C6A6E-1155-489A-8453-F50DBC695463} = {1FF6AE21-D3A9-4F82-8025-4B50EEE43F0C}
		{F549D52E-6447-4D57-AB5B-CD3222838BB7} = {1FF6AE21-D3A9-4F82-8025-4B50EEE43F0C}
	EndGlobalSection
	GlobalSection(ExtensibilityGlobals) = postSolution
		SolutionGuid = {7A05AA62-18B2-4AC9-BB29-3E67052DEEC1}
	EndGlobalSection
EndGlobal
